// !$*UTF8*$!
{
	archiveVersion = 1;
	classes = {
	};
	objectVersion = 46;
	objects = {
/* Begin PBXBuildFile section */
		0207DA581B56EA530066E2B4 /* Images.xcassets in Resources */ = {isa = PBXBuildFile; fileRef = 0207DA571B56EA530066E2B4 /* Images.xcassets */; };
		1D3623260D0F684500981E51 /* AppDelegate.m in Sources */ = {isa = PBXBuildFile; fileRef = 1D3623250D0F684500981E51 /* AppDelegate.m */; };
		1D60589B0D05DD56006BFB54 /* main.m in Sources */ = {isa = PBXBuildFile; fileRef = 29B97316FDCFA39411CA2CEA /* main.m */; };
		301BF552109A68D80062928A /* libCordova.a in Frameworks */ = {isa = PBXBuildFile; fileRef = 301BF535109A57CC0062928A /* libCordova.a */; };
		302D95F114D2391D003F00A1 /* MainViewController.m in Sources */ = {isa = PBXBuildFile; fileRef = 302D95EF14D2391D003F00A1 /* MainViewController.m */; };
		302D95F214D2391D003F00A1 /* MainViewController.xib in Resources */ = {isa = PBXBuildFile; fileRef = 302D95F014D2391D003F00A1 /* MainViewController.xib */; };
		3047A5121AB8059700498E2A /* build-debug.xcconfig in Resources */ = {isa = PBXBuildFile; fileRef = 3047A50F1AB8059700498E2A /* build-debug.xcconfig */; };
		3047A5131AB8059700498E2A /* build-release.xcconfig in Resources */ = {isa = PBXBuildFile; fileRef = 3047A5101AB8059700498E2A /* build-release.xcconfig */; };
		3047A5141AB8059700498E2A /* build.xcconfig in Resources */ = {isa = PBXBuildFile; fileRef = 3047A5111AB8059700498E2A /* build.xcconfig */; };
		513E458454D741DE907137A3 /* CDVConnection.m in Sources */ = {isa = PBXBuildFile; fileRef = 9E4701FFE0C341D59DEEB351 /* CDVConnection.m */; };
		FA496519AE0848EFAE6CC7A2 /* CDVReachability.m in Sources */ = {isa = PBXBuildFile; fileRef = 14480F3B66104E3E812DC2B6 /* CDVReachability.m */; };
		CCC7E541B2A6407D8A753323 /* SystemConfiguration.framework in Frameworks */ = {isa = PBXBuildFile; fileRef = D40D483881194334ADD81703 /* SystemConfiguration.framework */; settings = {ATTRIBUTES = (Weak, ); }; };
		60B106494ADD4A958ED08FE1 /* CoreTelephony.framework in Frameworks */ = {isa = PBXBuildFile; fileRef = 6DBE5C86392D4664BF38EB29 /* CoreTelephony.framework */; };
		CFF8D42504B64759A361A366 /* CDVDevice.m in Sources */ = {isa = PBXBuildFile; fileRef = 9F542BD07CA94B1EA6E7D99B /* CDVDevice.m */; };
		DCD531CD21FE40F1B67627DF /* iosrtcPlugin.swift in Sources */ = {isa = PBXBuildFile; fileRef = D9706CC581BD44F1B6AE5CB8 /* iosrtcPlugin.swift */; };
		9B19AE46FB7C42768710A28A /* PluginRTCTypes.swift in Sources */ = {isa = PBXBuildFile; fileRef = 73DC863D8C764796BDB04612 /* PluginRTCTypes.swift */; };
		DB288D43698141D4A4C0F3D1 /* PluginRTCPeerConnection.swift in Sources */ = {isa = PBXBuildFile; fileRef = 20BABF488A114E94967D5741 /* PluginRTCPeerConnection.swift */; };
		877FF266719B452FA4B3F674 /* PluginRTCPeerConnectionConfig.swift in Sources */ = {isa = PBXBuildFile; fileRef = 0B011E81A37A4349BD7FA836 /* PluginRTCPeerConnectionConfig.swift */; };
		4514997FAC504069AE4A6673 /* PluginRTCPeerConnectionConstraints.swift in Sources */ = {isa = PBXBuildFile; fileRef = B952068DA7F1435288780F91 /* PluginRTCPeerConnectionConstraints.swift */; };
		6463F0F2DD704329B4A83C33 /* PluginRTCDataChannel.swift in Sources */ = {isa = PBXBuildFile; fileRef = 08C526B2A04E4E36A0C918DE /* PluginRTCDataChannel.swift */; };
		98DC3CCA636A492E9852EB80 /* PluginRTCDTMFSender.swift in Sources */ = {isa = PBXBuildFile; fileRef = 64D1296CE9D3458B9C904985 /* PluginRTCDTMFSender.swift */; };
		ED21050205FA467AB27413B6 /* PluginMediaStream.swift in Sources */ = {isa = PBXBuildFile; fileRef = BC3BBF47C32A4F2898F37757 /* PluginMediaStream.swift */; };
		E640140BD1484A139577B27B /* PluginMediaStreamTrack.swift in Sources */ = {isa = PBXBuildFile; fileRef = A8C93F07C6494263B5162276 /* PluginMediaStreamTrack.swift */; };
		FA523186CBCE44E4995F6F90 /* PluginGetUserMedia.swift in Sources */ = {isa = PBXBuildFile; fileRef = FAFE188ABF2E4516ABFFBE02 /* PluginGetUserMedia.swift */; };
		D24D97667AAA4710ABBA5598 /* PluginEnumerateDevices.swift in Sources */ = {isa = PBXBuildFile; fileRef = 7C09EFEBB2B84F69BD477517 /* PluginEnumerateDevices.swift */; };
		A6918031B4024DE9B8B0CB3E /* PluginUtils.swift in Sources */ = {isa = PBXBuildFile; fileRef = 28918EF40FD64442B10FCAD6 /* PluginUtils.swift */; };
		607BA8195F574963AE844EC9 /* PluginMediaStreamRenderer.swift in Sources */ = {isa = PBXBuildFile; fileRef = 4B582BE48B064C25B185B541 /* PluginMediaStreamRenderer.swift */; };
		DD98E3C2BA7D4372B6918BC8 /* libWebRTC-LATEST-Universal-Release.a in Frameworks */ = {isa = PBXBuildFile; fileRef = F6654D1DEAC84A1486A347DA /* libWebRTC-LATEST-Universal-Release.a */; };
		8F766DF8CA244556B27ACD63 /* AVFoundation.framework in Frameworks */ = {isa = PBXBuildFile; fileRef = 7D340935D65F4F9F845160F9 /* AVFoundation.framework */; };
		A4A7E5ED00644003BE3702F6 /* CoreMedia.framework in Frameworks */ = {isa = PBXBuildFile; fileRef = 1A5434BAF7DF4612880EAB6C /* CoreMedia.framework */; };
		964219DBFA5A4E8FBE5449BF /* GLKit.framework in Frameworks */ = {isa = PBXBuildFile; fileRef = E6C4EC75E46F4659AC5F110C /* GLKit.framework */; };
		4F6E7EB80E1243A498E769DF /* OpenGLES.framework in Frameworks */ = {isa = PBXBuildFile; fileRef = 2775DD49A89B41118204FA45 /* OpenGLES.framework */; };
		A36A1987FE07461192695A3D /* CoreVideo.framework in Frameworks */ = {isa = PBXBuildFile; fileRef = 4CFC7C1D92A046989A3E6955 /* CoreVideo.framework */; };
		E3D42776B9FE4BE480158FB0 /* CoreAudio.framework in Frameworks */ = {isa = PBXBuildFile; fileRef = D71160723B8A4CE0A4182EFA /* CoreAudio.framework */; };
		C7613E4E1731430BAFE9C436 /* QuartzCore.framework in Frameworks */ = {isa = PBXBuildFile; fileRef = 900BD332B8284CE88B512CC3 /* QuartzCore.framework */; };
		9BCC60F82F384935B9173D06 /* CoreLocation.framework in Frameworks */ = {isa = PBXBuildFile; fileRef = FC71754E231D49CE86F517DA /* CoreLocation.framework */; };
		D8D061E20AD5493BAC8C942B /* AudioToolbox.framework in Frameworks */ = {isa = PBXBuildFile; fileRef = 11B6DBC8EEF84F0F8AC35172 /* AudioToolbox.framework */; };
		D8B49897B64D4EE7B3ABE7BA /* libc++.dylib in Frameworks */ = {isa = PBXBuildFile; fileRef = 28F7C84979864C009E7B2C38 /* libc++.dylib */; };
		75E0771FDD4440B3A7935058 /* libstdc++.dylib in Frameworks */ = {isa = PBXBuildFile; fileRef = 6DBE4CC87C9A407285D65061 /* libstdc++.dylib */; };
		222A88BB9AEA4F098E817709 /* libsqlite3.0.dylib in Frameworks */ = {isa = PBXBuildFile; fileRef = 5D7351688EB34738B5CE5120 /* libsqlite3.0.dylib */; };
		4FBD6FD3A5E6474AB7630B5E /* VideoToolbox.framework in Frameworks */ = {isa = PBXBuildFile; fileRef = 2E946E81B9054340973F3510 /* VideoToolbox.framework */; };
/* End PBXBuildFile section */

/* Begin PBXContainerItemProxy section */
		301BF534109A57CC0062928A /* PBXContainerItemProxy */ = {
			isa = PBXContainerItemProxy;
			containerPortal = 301BF52D109A57CC0062928A /* CordovaLib.xcodeproj */;
			proxyType = 2;
			remoteGlobalIDString = D2AAC07E0554694100DB518D;
			remoteInfo = CordovaLib;
		};
		301BF550109A68C00062928A /* PBXContainerItemProxy */ = {
			isa = PBXContainerItemProxy;
			containerPortal = 301BF52D109A57CC0062928A /* CordovaLib.xcodeproj */;
			proxyType = 1;
			remoteGlobalIDString = D2AAC07D0554694100DB518D;
			remoteInfo = CordovaLib;
		};
/* End PBXContainerItemProxy section */

/* Begin PBXFileReference section */
		0207DA571B56EA530066E2B4 /* Images.xcassets */ = {isa = PBXFileReference; lastKnownFileType = folder.assetcatalog; name = Images.xcassets; path = "WebRTC/Images.xcassets"; sourceTree = SOURCE_ROOT; };
		1D3623240D0F684500981E51 /* AppDelegate.h */ = {isa = PBXFileReference; fileEncoding = 4; lastKnownFileType = sourcecode.c.h; path = AppDelegate.h; sourceTree = "<group>"; };
		1D3623250D0F684500981E51 /* AppDelegate.m */ = {isa = PBXFileReference; fileEncoding = 4; lastKnownFileType = sourcecode.c.objc; path = AppDelegate.m; sourceTree = "<group>"; };
		1D6058910D05DD3D006BFB54 /* WebRTC.app */ = {isa = PBXFileReference; explicitFileType = wrapper.application; includeInIndex = 0; path = "WebRTC.app"; sourceTree = BUILT_PRODUCTS_DIR; };
		29B97316FDCFA39411CA2CEA /* main.m */ = {isa = PBXFileReference; fileEncoding = 4; lastKnownFileType = sourcecode.c.objc; path = main.m; sourceTree = "<group>"; };
		301BF52D109A57CC0062928A /* CordovaLib.xcodeproj */ = {isa = PBXFileReference; lastKnownFileType = "wrapper.pb-project"; name = CordovaLib.xcodeproj; path = CordovaLib/CordovaLib.xcodeproj; sourceTree = "<group>"; };
		301BF56E109A69640062928A /* www */ = {isa = PBXFileReference; lastKnownFileType = folder; path = www; sourceTree = SOURCE_ROOT; };
		302D95EE14D2391D003F00A1 /* MainViewController.h */ = {isa = PBXFileReference; fileEncoding = 4; lastKnownFileType = sourcecode.c.h; path = MainViewController.h; sourceTree = "<group>"; };
		302D95EF14D2391D003F00A1 /* MainViewController.m */ = {isa = PBXFileReference; fileEncoding = 4; lastKnownFileType = sourcecode.c.objc; path = MainViewController.m; sourceTree = "<group>"; };
		302D95F014D2391D003F00A1 /* MainViewController.xib */ = {isa = PBXFileReference; fileEncoding = 4; lastKnownFileType = file.xib; path = MainViewController.xib; sourceTree = "<group>"; };
		3047A50F1AB8059700498E2A /* build-debug.xcconfig */ = {isa = PBXFileReference; fileEncoding = 4; lastKnownFileType = text.xcconfig; name = "build-debug.xcconfig"; path = cordova/build-debug.xcconfig; sourceTree = SOURCE_ROOT; };
		3047A5101AB8059700498E2A /* build-release.xcconfig */ = {isa = PBXFileReference; fileEncoding = 4; lastKnownFileType = text.xcconfig; name = "build-release.xcconfig"; path = cordova/build-release.xcconfig; sourceTree = SOURCE_ROOT; };
		3047A5111AB8059700498E2A /* build.xcconfig */ = {isa = PBXFileReference; fileEncoding = 4; lastKnownFileType = text.xcconfig; name = build.xcconfig; path = cordova/build.xcconfig; sourceTree = SOURCE_ROOT; };
		32CA4F630368D1EE00C91783 /* WebRTC-Prefix.pch */ = {isa = PBXFileReference; fileEncoding = 4; lastKnownFileType = sourcecode.c.h; path = "WebRTC-Prefix.pch"; sourceTree = "<group>"; };
		8D1107310486CEB800E47090 /* WebRTC-Info.plist */ = {isa = PBXFileReference; fileEncoding = 4; lastKnownFileType = text.plist.xml; name = "WebRTC-Info.plist"; path = "WebRTC/WebRTC-Info.plist"; plistStructureDefinitionIdentifier = "com.apple.xcode.plist.structure-definition.iphone.info-plist"; sourceTree = SOURCE_ROOT; };
		EB87FDF31871DA8E0020F90C /* www */ = {isa = PBXFileReference; lastKnownFileType = folder; name = www; path = ../../www; sourceTree = "<group>"; };
		EB87FDF41871DAF40020F90C /* config.xml */ = {isa = PBXFileReference; lastKnownFileType = text.xml; name = config.xml; path = ../../config.xml; sourceTree = "<group>"; };
		F840E1F0165FE0F500CFE078 /* config.xml */ = {isa = PBXFileReference; lastKnownFileType = text.xml; name = config.xml; path = "WebRTC/config.xml"; sourceTree = "<group>"; };
		ED33DF2A687741AEAF9F8254 /* Bridging-Header.h */ = {isa = PBXFileReference; fileEncoding = 4; lastKnownFileType = sourcecode.c.h; name = "Bridging-Header.h"; path = "Bridging-Header.h"; sourceTree = "<group>"; };
		9E4701FFE0C341D59DEEB351 /* CDVConnection.m */ = {isa = PBXFileReference; name = "CDVConnection.m"; path = "cordova-plugin-network-information/CDVConnection.m"; sourceTree = "<group>"; fileEncoding = 4; lastKnownFileType = sourcecode.c.objc; explicitFileType = undefined; includeInIndex = 0; };
		14480F3B66104E3E812DC2B6 /* CDVReachability.m */ = {isa = PBXFileReference; name = "CDVReachability.m"; path = "cordova-plugin-network-information/CDVReachability.m"; sourceTree = "<group>"; fileEncoding = 4; lastKnownFileType = sourcecode.c.objc; explicitFileType = undefined; includeInIndex = 0; };
		F5E31B98F72247DFA2BE7EA6 /* CDVConnection.h */ = {isa = PBXFileReference; name = "CDVConnection.h"; path = "cordova-plugin-network-information/CDVConnection.h"; sourceTree = "<group>"; fileEncoding = 4; lastKnownFileType = sourcecode.c.h; explicitFileType = undefined; includeInIndex = 0; };
		5D3AC6DE7E304A4A8B85D0B7 /* CDVReachability.h */ = {isa = PBXFileReference; name = "CDVReachability.h"; path = "cordova-plugin-network-information/CDVReachability.h"; sourceTree = "<group>"; fileEncoding = 4; lastKnownFileType = sourcecode.c.h; explicitFileType = undefined; includeInIndex = 0; };
		D40D483881194334ADD81703 /* SystemConfiguration.framework */ = {isa = PBXFileReference; name = "SystemConfiguration.framework"; path = "System/Library/Frameworks/SystemConfiguration.framework"; sourceTree = SDKROOT; fileEncoding = undefined; lastKnownFileType = wrapper.framework; explicitFileType = undefined; includeInIndex = 0; };
		6DBE5C86392D4664BF38EB29 /* CoreTelephony.framework */ = {isa = PBXFileReference; name = "CoreTelephony.framework"; path = "System/Library/Frameworks/CoreTelephony.framework"; sourceTree = SDKROOT; fileEncoding = undefined; lastKnownFileType = wrapper.framework; explicitFileType = undefined; includeInIndex = 0; };
		9F542BD07CA94B1EA6E7D99B /* CDVDevice.m */ = {isa = PBXFileReference; name = "CDVDevice.m"; path = "cordova-plugin-device/CDVDevice.m"; sourceTree = "<group>"; fileEncoding = 4; lastKnownFileType = sourcecode.c.objc; explicitFileType = undefined; includeInIndex = 0; };
		D1C629402DA54AF988884F03 /* CDVDevice.h */ = {isa = PBXFileReference; name = "CDVDevice.h"; path = "cordova-plugin-device/CDVDevice.h"; sourceTree = "<group>"; fileEncoding = 4; lastKnownFileType = sourcecode.c.h; explicitFileType = undefined; includeInIndex = 0; };
		D9706CC581BD44F1B6AE5CB8 /* iosrtcPlugin.swift */ = {isa = PBXFileReference; name = "iosrtcPlugin.swift"; path = "cordova-plugin-iosrtc/iosrtcPlugin.swift"; sourceTree = "<group>"; fileEncoding = 4; lastKnownFileType = sourcecode.swift; explicitFileType = undefined; includeInIndex = 0; };
		73DC863D8C764796BDB04612 /* PluginRTCTypes.swift */ = {isa = PBXFileReference; name = "PluginRTCTypes.swift"; path = "cordova-plugin-iosrtc/PluginRTCTypes.swift"; sourceTree = "<group>"; fileEncoding = 4; lastKnownFileType = sourcecode.swift; explicitFileType = undefined; includeInIndex = 0; };
		20BABF488A114E94967D5741 /* PluginRTCPeerConnection.swift */ = {isa = PBXFileReference; name = "PluginRTCPeerConnection.swift"; path = "cordova-plugin-iosrtc/PluginRTCPeerConnection.swift"; sourceTree = "<group>"; fileEncoding = 4; lastKnownFileType = sourcecode.swift; explicitFileType = undefined; includeInIndex = 0; };
		0B011E81A37A4349BD7FA836 /* PluginRTCPeerConnectionConfig.swift */ = {isa = PBXFileReference; name = "PluginRTCPeerConnectionConfig.swift"; path = "cordova-plugin-iosrtc/PluginRTCPeerConnectionConfig.swift"; sourceTree = "<group>"; fileEncoding = 4; lastKnownFileType = sourcecode.swift; explicitFileType = undefined; includeInIndex = 0; };
		B952068DA7F1435288780F91 /* PluginRTCPeerConnectionConstraints.swift */ = {isa = PBXFileReference; name = "PluginRTCPeerConnectionConstraints.swift"; path = "cordova-plugin-iosrtc/PluginRTCPeerConnectionConstraints.swift"; sourceTree = "<group>"; fileEncoding = 4; lastKnownFileType = sourcecode.swift; explicitFileType = undefined; includeInIndex = 0; };
		08C526B2A04E4E36A0C918DE /* PluginRTCDataChannel.swift */ = {isa = PBXFileReference; name = "PluginRTCDataChannel.swift"; path = "cordova-plugin-iosrtc/PluginRTCDataChannel.swift"; sourceTree = "<group>"; fileEncoding = 4; lastKnownFileType = sourcecode.swift; explicitFileType = undefined; includeInIndex = 0; };
		64D1296CE9D3458B9C904985 /* PluginRTCDTMFSender.swift */ = {isa = PBXFileReference; name = "PluginRTCDTMFSender.swift"; path = "cordova-plugin-iosrtc/PluginRTCDTMFSender.swift"; sourceTree = "<group>"; fileEncoding = 4; lastKnownFileType = sourcecode.swift; explicitFileType = undefined; includeInIndex = 0; };
		BC3BBF47C32A4F2898F37757 /* PluginMediaStream.swift */ = {isa = PBXFileReference; name = "PluginMediaStream.swift"; path = "cordova-plugin-iosrtc/PluginMediaStream.swift"; sourceTree = "<group>"; fileEncoding = 4; lastKnownFileType = sourcecode.swift; explicitFileType = undefined; includeInIndex = 0; };
		A8C93F07C6494263B5162276 /* PluginMediaStreamTrack.swift */ = {isa = PBXFileReference; name = "PluginMediaStreamTrack.swift"; path = "cordova-plugin-iosrtc/PluginMediaStreamTrack.swift"; sourceTree = "<group>"; fileEncoding = 4; lastKnownFileType = sourcecode.swift; explicitFileType = undefined; includeInIndex = 0; };
		FAFE188ABF2E4516ABFFBE02 /* PluginGetUserMedia.swift */ = {isa = PBXFileReference; name = "PluginGetUserMedia.swift"; path = "cordova-plugin-iosrtc/PluginGetUserMedia.swift"; sourceTree = "<group>"; fileEncoding = 4; lastKnownFileType = sourcecode.swift; explicitFileType = undefined; includeInIndex = 0; };
		7C09EFEBB2B84F69BD477517 /* PluginEnumerateDevices.swift */ = {isa = PBXFileReference; name = "PluginEnumerateDevices.swift"; path = "cordova-plugin-iosrtc/PluginEnumerateDevices.swift"; sourceTree = "<group>"; fileEncoding = 4; lastKnownFileType = sourcecode.swift; explicitFileType = undefined; includeInIndex = 0; };
		28918EF40FD64442B10FCAD6 /* PluginUtils.swift */ = {isa = PBXFileReference; name = "PluginUtils.swift"; path = "cordova-plugin-iosrtc/PluginUtils.swift"; sourceTree = "<group>"; fileEncoding = 4; lastKnownFileType = sourcecode.swift; explicitFileType = undefined; includeInIndex = 0; };
		4B582BE48B064C25B185B541 /* PluginMediaStreamRenderer.swift */ = {isa = PBXFileReference; name = "PluginMediaStreamRenderer.swift"; path = "cordova-plugin-iosrtc/PluginMediaStreamRenderer.swift"; sourceTree = "<group>"; fileEncoding = 4; lastKnownFileType = sourcecode.swift; explicitFileType = undefined; includeInIndex = 0; };
		F6654D1DEAC84A1486A347DA /* libWebRTC-LATEST-Universal-Release.a */ = {isa = PBXFileReference; name = "libWebRTC-LATEST-Universal-Release.a"; path = "WebRTC/Plugins/cordova-plugin-iosrtc/libWebRTC-LATEST-Universal-Release.a"; sourceTree = "<group>"; fileEncoding = undefined; lastKnownFileType = archive.ar; explicitFileType = undefined; includeInIndex = 0; };
		1C341D6FD4B0426F8E134308 /* RTCAVFoundationVideoSource.h */ = {isa = PBXFileReference; name = "RTCAVFoundationVideoSource.h"; path = "cordova-plugin-iosrtc/RTCAVFoundationVideoSource.h"; sourceTree = "<group>"; fileEncoding = 4; lastKnownFileType = sourcecode.c.h; explicitFileType = undefined; includeInIndex = 0; };
		F880971ABB3D4E9F8252FDAB /* RTCAudioSource.h */ = {isa = PBXFileReference; name = "RTCAudioSource.h"; path = "cordova-plugin-iosrtc/RTCAudioSource.h"; sourceTree = "<group>"; fileEncoding = 4; lastKnownFileType = sourcecode.c.h; explicitFileType = undefined; includeInIndex = 0; };
		92E9B2296C814D4EBBF51C64 /* RTCAudioTrack.h */ = {isa = PBXFileReference; name = "RTCAudioTrack.h"; path = "cordova-plugin-iosrtc/RTCAudioTrack.h"; sourceTree = "<group>"; fileEncoding = 4; lastKnownFileType = sourcecode.c.h; explicitFileType = undefined; includeInIndex = 0; };
		42C87B3E12DB4D81BE855977 /* RTCDataChannel.h */ = {isa = PBXFileReference; name = "RTCDataChannel.h"; path = "cordova-plugin-iosrtc/RTCDataChannel.h"; sourceTree = "<group>"; fileEncoding = 4; lastKnownFileType = sourcecode.c.h; explicitFileType = undefined; includeInIndex = 0; };
		ED3EB363ADC649C79F0B456F /* RTCDTMFSender.h */ = {isa = PBXFileReference; name = "RTCDTMFSender.h"; path = "cordova-plugin-iosrtc/RTCDTMFSender.h"; sourceTree = "<group>"; fileEncoding = 4; lastKnownFileType = sourcecode.c.h; explicitFileType = undefined; includeInIndex = 0; };
		160A600FF1C94662878A93DA /* RTCEAGLVideoView.h */ = {isa = PBXFileReference; name = "RTCEAGLVideoView.h"; path = "cordova-plugin-iosrtc/RTCEAGLVideoView.h"; sourceTree = "<group>"; fileEncoding = 4; lastKnownFileType = sourcecode.c.h; explicitFileType = undefined; includeInIndex = 0; };
		D0FC973E336246C7B2DA8CF3 /* RTCFileLogger.h */ = {isa = PBXFileReference; name = "RTCFileLogger.h"; path = "cordova-plugin-iosrtc/RTCFileLogger.h"; sourceTree = "<group>"; fileEncoding = 4; lastKnownFileType = sourcecode.c.h; explicitFileType = undefined; includeInIndex = 0; };
		FFF1DF62498A472B82477C4A /* RTCI420Frame.h */ = {isa = PBXFileReference; name = "RTCI420Frame.h"; path = "cordova-plugin-iosrtc/RTCI420Frame.h"; sourceTree = "<group>"; fileEncoding = 4; lastKnownFileType = sourcecode.c.h; explicitFileType = undefined; includeInIndex = 0; };
		9CB29F11B890491582BDAA13 /* RTCICECandidate.h */ = {isa = PBXFileReference; name = "RTCICECandidate.h"; path = "cordova-plugin-iosrtc/RTCICECandidate.h"; sourceTree = "<group>"; fileEncoding = 4; lastKnownFileType = sourcecode.c.h; explicitFileType = undefined; includeInIndex = 0; };
		E4D1ADF4E5354CC689C33395 /* RTCICEServer.h */ = {isa = PBXFileReference; name = "RTCICEServer.h"; path = "cordova-plugin-iosrtc/RTCICEServer.h"; sourceTree = "<group>"; fileEncoding = 4; lastKnownFileType = sourcecode.c.h; explicitFileType = undefined; includeInIndex = 0; };
		883A50532498464F92CFD80F /* RTCLogging.h */ = {isa = PBXFileReference; name = "RTCLogging.h"; path = "cordova-plugin-iosrtc/RTCLogging.h"; sourceTree = "<group>"; fileEncoding = 4; lastKnownFileType = sourcecode.c.h; explicitFileType = undefined; includeInIndex = 0; };
		28E9249F680A4769A537BE4A /* RTCMediaConstraints.h */ = {isa = PBXFileReference; name = "RTCMediaConstraints.h"; path = "cordova-plugin-iosrtc/RTCMediaConstraints.h"; sourceTree = "<group>"; fileEncoding = 4; lastKnownFileType = sourcecode.c.h; explicitFileType = undefined; includeInIndex = 0; };
		41EE43C2ADCB43709F854FB2 /* RTCMediaSource.h */ = {isa = PBXFileReference; name = "RTCMediaSource.h"; path = "cordova-plugin-iosrtc/RTCMediaSource.h"; sourceTree = "<group>"; fileEncoding = 4; lastKnownFileType = sourcecode.c.h; explicitFileType = undefined; includeInIndex = 0; };
		690638813ECE4CD89524F506 /* RTCMediaStream.h */ = {isa = PBXFileReference; name = "RTCMediaStream.h"; path = "cordova-plugin-iosrtc/RTCMediaStream.h"; sourceTree = "<group>"; fileEncoding = 4; lastKnownFileType = sourcecode.c.h; explicitFileType = undefined; includeInIndex = 0; };
		5E1871E1E70F42DAAAFFB7B7 /* RTCMediaStreamTrack.h */ = {isa = PBXFileReference; name = "RTCMediaStreamTrack.h"; path = "cordova-plugin-iosrtc/RTCMediaStreamTrack.h"; sourceTree = "<group>"; fileEncoding = 4; lastKnownFileType = sourcecode.c.h; explicitFileType = undefined; includeInIndex = 0; };
		B939C3DA00C84DDC941BF593 /* RTCNSGLVideoView.h */ = {isa = PBXFileReference; name = "RTCNSGLVideoView.h"; path = "cordova-plugin-iosrtc/RTCNSGLVideoView.h"; sourceTree = "<group>"; fileEncoding = 4; lastKnownFileType = sourcecode.c.h; explicitFileType = undefined; includeInIndex = 0; };
		E4714DF8793248DEA7B951AE /* RTCOpenGLVideoRenderer.h */ = {isa = PBXFileReference; name = "RTCOpenGLVideoRenderer.h"; path = "cordova-plugin-iosrtc/RTCOpenGLVideoRenderer.h"; sourceTree = "<group>"; fileEncoding = 4; lastKnownFileType = sourcecode.c.h; explicitFileType = undefined; includeInIndex = 0; };
		EFBCC2CBD7B74CD6B1B7340A /* RTCPair.h */ = {isa = PBXFileReference; name = "RTCPair.h"; path = "cordova-plugin-iosrtc/RTCPair.h"; sourceTree = "<group>"; fileEncoding = 4; lastKnownFileType = sourcecode.c.h; explicitFileType = undefined; includeInIndex = 0; };
		1D880CDA730044CEAEE0E4C3 /* RTCPeerConnection.h */ = {isa = PBXFileReference; name = "RTCPeerConnection.h"; path = "cordova-plugin-iosrtc/RTCPeerConnection.h"; sourceTree = "<group>"; fileEncoding = 4; lastKnownFileType = sourcecode.c.h; explicitFileType = undefined; includeInIndex = 0; };
		57A5B001DC654DE6847CF83D /* RTCPeerConnectionDelegate.h */ = {isa = PBXFileReference; name = "RTCPeerConnectionDelegate.h"; path = "cordova-plugin-iosrtc/RTCPeerConnectionDelegate.h"; sourceTree = "<group>"; fileEncoding = 4; lastKnownFileType = sourcecode.c.h; explicitFileType = undefined; includeInIndex = 0; };
		8F38BDA0EB8A4C50A09DBD83 /* RTCPeerConnectionFactory.h */ = {isa = PBXFileReference; name = "RTCPeerConnectionFactory.h"; path = "cordova-plugin-iosrtc/RTCPeerConnectionFactory.h"; sourceTree = "<group>"; fileEncoding = 4; lastKnownFileType = sourcecode.c.h; explicitFileType = undefined; includeInIndex = 0; };
		8241CC6240214615984DE140 /* RTCPeerConnectionInterface.h */ = {isa = PBXFileReference; name = "RTCPeerConnectionInterface.h"; path = "cordova-plugin-iosrtc/RTCPeerConnectionInterface.h"; sourceTree = "<group>"; fileEncoding = 4; lastKnownFileType = sourcecode.c.h; explicitFileType = undefined; includeInIndex = 0; };
		9719AED75D5747B48DEC0445 /* RTCSessionDescription.h */ = {isa = PBXFileReference; name = "RTCSessionDescription.h"; path = "cordova-plugin-iosrtc/RTCSessionDescription.h"; sourceTree = "<group>"; fileEncoding = 4; lastKnownFileType = sourcecode.c.h; explicitFileType = undefined; includeInIndex = 0; };
		B3AB6DA95F544F029315BDA1 /* RTCSessionDescriptionDelegate.h */ = {isa = PBXFileReference; name = "RTCSessionDescriptionDelegate.h"; path = "cordova-plugin-iosrtc/RTCSessionDescriptionDelegate.h"; sourceTree = "<group>"; fileEncoding = 4; lastKnownFileType = sourcecode.c.h; explicitFileType = undefined; includeInIndex = 0; };
		F23F6CF14F55453F9FFDEED9 /* RTCStatsDelegate.h */ = {isa = PBXFileReference; name = "RTCStatsDelegate.h"; path = "cordova-plugin-iosrtc/RTCStatsDelegate.h"; sourceTree = "<group>"; fileEncoding = 4; lastKnownFileType = sourcecode.c.h; explicitFileType = undefined; includeInIndex = 0; };
		58353D3364D1421990FAE912 /* RTCStatsReport.h */ = {isa = PBXFileReference; name = "RTCStatsReport.h"; path = "cordova-plugin-iosrtc/RTCStatsReport.h"; sourceTree = "<group>"; fileEncoding = 4; lastKnownFileType = sourcecode.c.h; explicitFileType = undefined; includeInIndex = 0; };
		5170139785F4432CB5B001EC /* RTCTypes.h */ = {isa = PBXFileReference; name = "RTCTypes.h"; path = "cordova-plugin-iosrtc/RTCTypes.h"; sourceTree = "<group>"; fileEncoding = 4; lastKnownFileType = sourcecode.c.h; explicitFileType = undefined; includeInIndex = 0; };
		20606EF41D344F50B0176D92 /* RTCVideoCapturer.h */ = {isa = PBXFileReference; name = "RTCVideoCapturer.h"; path = "cordova-plugin-iosrtc/RTCVideoCapturer.h"; sourceTree = "<group>"; fileEncoding = 4; lastKnownFileType = sourcecode.c.h; explicitFileType = undefined; includeInIndex = 0; };
		FF2ADC1062294A53B9D224D7 /* RTCVideoRenderer.h */ = {isa = PBXFileReference; name = "RTCVideoRenderer.h"; path = "cordova-plugin-iosrtc/RTCVideoRenderer.h"; sourceTree = "<group>"; fileEncoding = 4; lastKnownFileType = sourcecode.c.h; explicitFileType = undefined; includeInIndex = 0; };
		AD4E9D4C485D458B90E20596 /* RTCVideoSource.h */ = {isa = PBXFileReference; name = "RTCVideoSource.h"; path = "cordova-plugin-iosrtc/RTCVideoSource.h"; sourceTree = "<group>"; fileEncoding = 4; lastKnownFileType = sourcecode.c.h; explicitFileType = undefined; includeInIndex = 0; };
		15D0A2DBF7DF49D8A5C57827 /* RTCVideoTrack.h */ = {isa = PBXFileReference; name = "RTCVideoTrack.h"; path = "cordova-plugin-iosrtc/RTCVideoTrack.h"; sourceTree = "<group>"; fileEncoding = 4; lastKnownFileType = sourcecode.c.h; explicitFileType = undefined; includeInIndex = 0; };
		FAE301A4AF5E4E81A30A8038 /* cordova-plugin-iosrtc-Bridging-Header.h */ = {isa = PBXFileReference; name = "cordova-plugin-iosrtc-Bridging-Header.h"; path = "cordova-plugin-iosrtc/cordova-plugin-iosrtc-Bridging-Header.h"; sourceTree = "<group>"; fileEncoding = 4; lastKnownFileType = sourcecode.c.h; explicitFileType = undefined; includeInIndex = 0; };
		7D340935D65F4F9F845160F9 /* AVFoundation.framework */ = {isa = PBXFileReference; name = "AVFoundation.framework"; path = "System/Library/Frameworks/AVFoundation.framework"; sourceTree = SDKROOT; fileEncoding = undefined; lastKnownFileType = wrapper.framework; explicitFileType = undefined; includeInIndex = 0; };
		1A5434BAF7DF4612880EAB6C /* CoreMedia.framework */ = {isa = PBXFileReference; name = "CoreMedia.framework"; path = "System/Library/Frameworks/CoreMedia.framework"; sourceTree = SDKROOT; fileEncoding = undefined; lastKnownFileType = wrapper.framework; explicitFileType = undefined; includeInIndex = 0; };
		E6C4EC75E46F4659AC5F110C /* GLKit.framework */ = {isa = PBXFileReference; name = "GLKit.framework"; path = "System/Library/Frameworks/GLKit.framework"; sourceTree = SDKROOT; fileEncoding = undefined; lastKnownFileType = wrapper.framework; explicitFileType = undefined; includeInIndex = 0; };
		2775DD49A89B41118204FA45 /* OpenGLES.framework */ = {isa = PBXFileReference; name = "OpenGLES.framework"; path = "System/Library/Frameworks/OpenGLES.framework"; sourceTree = SDKROOT; fileEncoding = undefined; lastKnownFileType = wrapper.framework; explicitFileType = undefined; includeInIndex = 0; };
		4CFC7C1D92A046989A3E6955 /* CoreVideo.framework */ = {isa = PBXFileReference; name = "CoreVideo.framework"; path = "System/Library/Frameworks/CoreVideo.framework"; sourceTree = SDKROOT; fileEncoding = undefined; lastKnownFileType = wrapper.framework; explicitFileType = undefined; includeInIndex = 0; };
		D71160723B8A4CE0A4182EFA /* CoreAudio.framework */ = {isa = PBXFileReference; name = "CoreAudio.framework"; path = "System/Library/Frameworks/CoreAudio.framework"; sourceTree = SDKROOT; fileEncoding = undefined; lastKnownFileType = wrapper.framework; explicitFileType = undefined; includeInIndex = 0; };
		900BD332B8284CE88B512CC3 /* QuartzCore.framework */ = {isa = PBXFileReference; name = "QuartzCore.framework"; path = "System/Library/Frameworks/QuartzCore.framework"; sourceTree = SDKROOT; fileEncoding = undefined; lastKnownFileType = wrapper.framework; explicitFileType = undefined; includeInIndex = 0; };
		FC71754E231D49CE86F517DA /* CoreLocation.framework */ = {isa = PBXFileReference; name = "CoreLocation.framework"; path = "System/Library/Frameworks/CoreLocation.framework"; sourceTree = SDKROOT; fileEncoding = undefined; lastKnownFileType = wrapper.framework; explicitFileType = undefined; includeInIndex = 0; };
		11B6DBC8EEF84F0F8AC35172 /* AudioToolbox.framework */ = {isa = PBXFileReference; name = "AudioToolbox.framework"; path = "System/Library/Frameworks/AudioToolbox.framework"; sourceTree = SDKROOT; fileEncoding = undefined; lastKnownFileType = wrapper.framework; explicitFileType = undefined; includeInIndex = 0; };
		28F7C84979864C009E7B2C38 /* libc++.dylib */ = {isa = PBXFileReference; name = "libc++.dylib"; path = "usr/lib/libc++.dylib"; sourceTree = SDKROOT; fileEncoding = undefined; lastKnownFileType = compiled.mach-o.dylib; explicitFileType = undefined; includeInIndex = 0; };
		6DBE4CC87C9A407285D65061 /* libstdc++.dylib */ = {isa = PBXFileReference; name = "libstdc++.dylib"; path = "usr/lib/libstdc++.dylib"; sourceTree = SDKROOT; fileEncoding = undefined; lastKnownFileType = compiled.mach-o.dylib; explicitFileType = undefined; includeInIndex = 0; };
		5D7351688EB34738B5CE5120 /* libsqlite3.0.dylib */ = {isa = PBXFileReference; name = "libsqlite3.0.dylib"; path = "usr/lib/libsqlite3.0.dylib"; sourceTree = SDKROOT; fileEncoding = undefined; lastKnownFileType = compiled.mach-o.dylib; explicitFileType = undefined; includeInIndex = 0; };
		2E946E81B9054340973F3510 /* VideoToolbox.framework */ = {isa = PBXFileReference; name = "VideoToolbox.framework"; path = "System/Library/Frameworks/VideoToolbox.framework"; sourceTree = SDKROOT; fileEncoding = undefined; lastKnownFileType = wrapper.framework; explicitFileType = undefined; includeInIndex = 0; };
/* End PBXFileReference section */

/* Begin PBXFrameworksBuildPhase section */
		1D60588F0D05DD3D006BFB54 /* Frameworks */ = {
			isa = PBXFrameworksBuildPhase;
			buildActionMask = 2147483647;
			files = (
				301BF552109A68D80062928A /* libCordova.a in Frameworks */,
				CCC7E541B2A6407D8A753323 /* SystemConfiguration.framework in Frameworks */,
				60B106494ADD4A958ED08FE1 /* CoreTelephony.framework in Frameworks */,
				DD98E3C2BA7D4372B6918BC8 /* libWebRTC-LATEST-Universal-Release.a in Frameworks */,
				8F766DF8CA244556B27ACD63 /* AVFoundation.framework in Frameworks */,
				A4A7E5ED00644003BE3702F6 /* CoreMedia.framework in Frameworks */,
				964219DBFA5A4E8FBE5449BF /* GLKit.framework in Frameworks */,
				4F6E7EB80E1243A498E769DF /* OpenGLES.framework in Frameworks */,
				A36A1987FE07461192695A3D /* CoreVideo.framework in Frameworks */,
				E3D42776B9FE4BE480158FB0 /* CoreAudio.framework in Frameworks */,
				C7613E4E1731430BAFE9C436 /* QuartzCore.framework in Frameworks */,
				9BCC60F82F384935B9173D06 /* CoreLocation.framework in Frameworks */,
				D8D061E20AD5493BAC8C942B /* AudioToolbox.framework in Frameworks */,
				D8B49897B64D4EE7B3ABE7BA /* libc++.dylib in Frameworks */,
				75E0771FDD4440B3A7935058 /* libstdc++.dylib in Frameworks */,
				222A88BB9AEA4F098E817709 /* libsqlite3.0.dylib in Frameworks */,
				4FBD6FD3A5E6474AB7630B5E /* VideoToolbox.framework in Frameworks */,
			);
			runOnlyForDeploymentPostprocessing = 0;
		};
/* End PBXFrameworksBuildPhase section */

/* Begin PBXGroup section */
		080E96DDFE201D6D7F000001 /* Classes */ = {
			isa = PBXGroup;
			children = (
				302D95EE14D2391D003F00A1 /* MainViewController.h */,
				302D95EF14D2391D003F00A1 /* MainViewController.m */,
				302D95F014D2391D003F00A1 /* MainViewController.xib */,
				1D3623240D0F684500981E51 /* AppDelegate.h */,
				1D3623250D0F684500981E51 /* AppDelegate.m */,
			);
			name = Classes;
			path = "WebRTC/Classes";
			sourceTree = SOURCE_ROOT;
		};
		19C28FACFE9D520D11CA2CBB /* Products */ = {
			isa = PBXGroup;
			children = (
				1D6058910D05DD3D006BFB54 /* WebRTC.app */,
			);
			name = Products;
			sourceTree = "<group>";
		};
		29B97314FDCFA39411CA2CEA /* CustomTemplate */ = {
			isa = PBXGroup;
			children = (
				EB87FDF41871DAF40020F90C /* config.xml */,
				EB87FDF31871DA8E0020F90C /* www */,
				EB87FDF11871DA420020F90C /* Staging */,
				301BF52D109A57CC0062928A /* CordovaLib.xcodeproj */,
				080E96DDFE201D6D7F000001 /* Classes */,
				307C750510C5A3420062BCA9 /* Plugins */,
				29B97315FDCFA39411CA2CEA /* Other Sources */,
				29B97317FDCFA39411CA2CEA /* Resources */,
				29B97323FDCFA39411CA2CEA /* Frameworks */,
				19C28FACFE9D520D11CA2CBB /* Products */,
			);
			name = CustomTemplate;
			sourceTree = "<group>";
		};
		29B97315FDCFA39411CA2CEA /* Other Sources */ = {
			isa = PBXGroup;
			children = (
				32CA4F630368D1EE00C91783 /* WebRTC-Prefix.pch */,
				29B97316FDCFA39411CA2CEA /* main.m */,
				ED33DF2A687741AEAF9F8254 /* Bridging-Header.h */,
			);
			name = "Other Sources";
			path = "WebRTC";
			sourceTree = "<group>";
		};
		29B97317FDCFA39411CA2CEA /* Resources */ = {
			isa = PBXGroup;
			children = (
				0207DA571B56EA530066E2B4 /* Images.xcassets */,
				3047A50E1AB8057F00498E2A /* config */,
				8D1107310486CEB800E47090 /* WebRTC-Info.plist */,
			);
			name = Resources;
			path = "WebRTC/Resources";
			sourceTree = "<group>";
		};
		29B97323FDCFA39411CA2CEA /* Frameworks */ = {
			isa = PBXGroup;
			children = (
				D40D483881194334ADD81703 /* SystemConfiguration.framework */,
				6DBE5C86392D4664BF38EB29 /* CoreTelephony.framework */,
				F6654D1DEAC84A1486A347DA /* libWebRTC-LATEST-Universal-Release.a */,
				7D340935D65F4F9F845160F9 /* AVFoundation.framework */,
				1A5434BAF7DF4612880EAB6C /* CoreMedia.framework */,
				E6C4EC75E46F4659AC5F110C /* GLKit.framework */,
				2775DD49A89B41118204FA45 /* OpenGLES.framework */,
				4CFC7C1D92A046989A3E6955 /* CoreVideo.framework */,
				D71160723B8A4CE0A4182EFA /* CoreAudio.framework */,
				900BD332B8284CE88B512CC3 /* QuartzCore.framework */,
				FC71754E231D49CE86F517DA /* CoreLocation.framework */,
				11B6DBC8EEF84F0F8AC35172 /* AudioToolbox.framework */,
				28F7C84979864C009E7B2C38 /* libc++.dylib */,
				6DBE4CC87C9A407285D65061 /* libstdc++.dylib */,
				5D7351688EB34738B5CE5120 /* libsqlite3.0.dylib */,
				2E946E81B9054340973F3510 /* VideoToolbox.framework */,
			);
			name = Frameworks;
			sourceTree = "<group>";
		};
		301BF52E109A57CC0062928A /* Products */ = {
			isa = PBXGroup;
			children = (
				301BF535109A57CC0062928A /* libCordova.a */,
			);
			name = Products;
			sourceTree = "<group>";
		};
		3047A50E1AB8057F00498E2A /* config */ = {
			isa = PBXGroup;
			children = (
				3047A50F1AB8059700498E2A /* build-debug.xcconfig */,
				3047A5101AB8059700498E2A /* build-release.xcconfig */,
				3047A5111AB8059700498E2A /* build.xcconfig */,
			);
			name = config;
			sourceTree = "<group>";
		};
		307C750510C5A3420062BCA9 /* Plugins */ = {
			isa = PBXGroup;
			children = (
				9E4701FFE0C341D59DEEB351 /* CDVConnection.m */,
				14480F3B66104E3E812DC2B6 /* CDVReachability.m */,
				F5E31B98F72247DFA2BE7EA6 /* CDVConnection.h */,
				5D3AC6DE7E304A4A8B85D0B7 /* CDVReachability.h */,
				9F542BD07CA94B1EA6E7D99B /* CDVDevice.m */,
				D1C629402DA54AF988884F03 /* CDVDevice.h */,
				D9706CC581BD44F1B6AE5CB8 /* iosrtcPlugin.swift */,
				73DC863D8C764796BDB04612 /* PluginRTCTypes.swift */,
				20BABF488A114E94967D5741 /* PluginRTCPeerConnection.swift */,
				0B011E81A37A4349BD7FA836 /* PluginRTCPeerConnectionConfig.swift */,
				B952068DA7F1435288780F91 /* PluginRTCPeerConnectionConstraints.swift */,
				08C526B2A04E4E36A0C918DE /* PluginRTCDataChannel.swift */,
				64D1296CE9D3458B9C904985 /* PluginRTCDTMFSender.swift */,
				BC3BBF47C32A4F2898F37757 /* PluginMediaStream.swift */,
				A8C93F07C6494263B5162276 /* PluginMediaStreamTrack.swift */,
				FAFE188ABF2E4516ABFFBE02 /* PluginGetUserMedia.swift */,
				7C09EFEBB2B84F69BD477517 /* PluginEnumerateDevices.swift */,
				28918EF40FD64442B10FCAD6 /* PluginUtils.swift */,
				4B582BE48B064C25B185B541 /* PluginMediaStreamRenderer.swift */,
				1C341D6FD4B0426F8E134308 /* RTCAVFoundationVideoSource.h */,
				F880971ABB3D4E9F8252FDAB /* RTCAudioSource.h */,
				92E9B2296C814D4EBBF51C64 /* RTCAudioTrack.h */,
				42C87B3E12DB4D81BE855977 /* RTCDataChannel.h */,
				ED3EB363ADC649C79F0B456F /* RTCDTMFSender.h */,
				160A600FF1C94662878A93DA /* RTCEAGLVideoView.h */,
				D0FC973E336246C7B2DA8CF3 /* RTCFileLogger.h */,
				FFF1DF62498A472B82477C4A /* RTCI420Frame.h */,
				9CB29F11B890491582BDAA13 /* RTCICECandidate.h */,
				E4D1ADF4E5354CC689C33395 /* RTCICEServer.h */,
				883A50532498464F92CFD80F /* RTCLogging.h */,
				28E9249F680A4769A537BE4A /* RTCMediaConstraints.h */,
				41EE43C2ADCB43709F854FB2 /* RTCMediaSource.h */,
				690638813ECE4CD89524F506 /* RTCMediaStream.h */,
				5E1871E1E70F42DAAAFFB7B7 /* RTCMediaStreamTrack.h */,
				B939C3DA00C84DDC941BF593 /* RTCNSGLVideoView.h */,
				E4714DF8793248DEA7B951AE /* RTCOpenGLVideoRenderer.h */,
				EFBCC2CBD7B74CD6B1B7340A /* RTCPair.h */,
				1D880CDA730044CEAEE0E4C3 /* RTCPeerConnection.h */,
				57A5B001DC654DE6847CF83D /* RTCPeerConnectionDelegate.h */,
				8F38BDA0EB8A4C50A09DBD83 /* RTCPeerConnectionFactory.h */,
				8241CC6240214615984DE140 /* RTCPeerConnectionInterface.h */,
				9719AED75D5747B48DEC0445 /* RTCSessionDescription.h */,
				B3AB6DA95F544F029315BDA1 /* RTCSessionDescriptionDelegate.h */,
				F23F6CF14F55453F9FFDEED9 /* RTCStatsDelegate.h */,
				58353D3364D1421990FAE912 /* RTCStatsReport.h */,
				5170139785F4432CB5B001EC /* RTCTypes.h */,
				20606EF41D344F50B0176D92 /* RTCVideoCapturer.h */,
				FF2ADC1062294A53B9D224D7 /* RTCVideoRenderer.h */,
				AD4E9D4C485D458B90E20596 /* RTCVideoSource.h */,
				15D0A2DBF7DF49D8A5C57827 /* RTCVideoTrack.h */,
				FAE301A4AF5E4E81A30A8038 /* cordova-plugin-iosrtc-Bridging-Header.h */,
			);
			name = Plugins;
			path = "WebRTC/Plugins";
			sourceTree = SOURCE_ROOT;
		};
		EB87FDF11871DA420020F90C /* Staging */ = {
			isa = PBXGroup;
			children = (
				F840E1F0165FE0F500CFE078 /* config.xml */,
				301BF56E109A69640062928A /* www */,
			);
			name = Staging;
			sourceTree = "<group>";
		};
/* End PBXGroup section */

/* Begin PBXNativeTarget section */
		1D6058900D05DD3D006BFB54 /* WebRTC */ = {
			isa = PBXNativeTarget;
			buildConfigurationList = 1D6058960D05DD3E006BFB54 /* Build configuration list for PBXNativeTarget "WebRTC" */;
			buildPhases = (
				304B58A110DAC018002A0835 /* Copy www directory */,
				1D60588D0D05DD3D006BFB54 /* Resources */,
				1D60588E0D05DD3D006BFB54 /* Sources */,
				1D60588F0D05DD3D006BFB54 /* Frameworks */,
			);
			buildRules = (
			);
			dependencies = (
				301BF551109A68C00062928A /* PBXTargetDependency */,
			);
			name = "WebRTC";
			productName = "WebRTC";
			productReference = 1D6058910D05DD3D006BFB54 /* WebRTC.app */;
			productType = "com.apple.product-type.application";
		};
/* End PBXNativeTarget section */

/* Begin PBXProject section */
		29B97313FDCFA39411CA2CEA /* Project object */ = {
			isa = PBXProject;
			attributes = {
				LastUpgradeCheck = 510;
			};
			buildConfigurationList = C01FCF4E08A954540054247B /* Build configuration list for PBXProject "__NON-CLI__" */;
			compatibilityVersion = "Xcode 3.2";
			developmentRegion = English;
			hasScannedForEncodings = 1;
			mainGroup = 29B97314FDCFA39411CA2CEA /* CustomTemplate */;
			projectDirPath = "";
			projectReferences = (
				{
					ProductGroup = 301BF52E109A57CC0062928A /* Products */;
					ProjectRef = 301BF52D109A57CC0062928A /* CordovaLib.xcodeproj */;
				},
			);
			projectRoot = "";
			targets = (
				1D6058900D05DD3D006BFB54 /* WebRTC */,
			);
		};
/* End PBXProject section */

/* Begin PBXReferenceProxy section */
		301BF535109A57CC0062928A /* libCordova.a */ = {
			isa = PBXReferenceProxy;
			fileType = archive.ar;
			path = libCordova.a;
			remoteRef = 301BF534109A57CC0062928A /* PBXContainerItemProxy */;
			sourceTree = BUILT_PRODUCTS_DIR;
		};
/* End PBXReferenceProxy section */

/* Begin PBXResourcesBuildPhase section */
		1D60588D0D05DD3D006BFB54 /* Resources */ = {
			isa = PBXResourcesBuildPhase;
			buildActionMask = 2147483647;
			files = (
				302D95F214D2391D003F00A1 /* MainViewController.xib in Resources */,
				0207DA581B56EA530066E2B4 /* Images.xcassets in Resources */,
			);
			runOnlyForDeploymentPostprocessing = 0;
		};
/* End PBXResourcesBuildPhase section */

/* Begin PBXShellScriptBuildPhase section */
		304B58A110DAC018002A0835 /* Copy www directory */ = {
			isa = PBXShellScriptBuildPhase;
			buildActionMask = 2147483647;
			files = (
			);
			inputPaths = (
			);
			name = "Copy www directory";
			outputPaths = (
			);
			runOnlyForDeploymentPostprocessing = 0;
			shellPath = /bin/sh;
			shellScript = "NODEJS_PATH=/usr/local/bin; NVM_NODE_PATH=~/.nvm/versions/node/`nvm version 2>/dev/null`/bin; N_NODE_PATH=`find /usr/local/n/versions/node/* -maxdepth 0 -type d 2>/dev/null | tail -1`/bin; XCODE_NODE_PATH=`xcode-select --print-path`/usr/share/xcs/Node/bin; PATH=$NODEJS_PATH:$NVM_NODE_PATH:$N_NODE_PATH:$XCODE_NODE_PATH:$PATH && node cordova/lib/copy-www-build-step.js";
			showEnvVarsInLog = 0;
		};
/* End PBXShellScriptBuildPhase section */

/* Begin PBXSourcesBuildPhase section */
		1D60588E0D05DD3D006BFB54 /* Sources */ = {
			isa = PBXSourcesBuildPhase;
			buildActionMask = 2147483647;
			files = (
				1D60589B0D05DD56006BFB54 /* main.m in Sources */,
				1D3623260D0F684500981E51 /* AppDelegate.m in Sources */,
				302D95F114D2391D003F00A1 /* MainViewController.m in Sources */,
				513E458454D741DE907137A3 /* CDVConnection.m in Sources */,
				FA496519AE0848EFAE6CC7A2 /* CDVReachability.m in Sources */,
				CFF8D42504B64759A361A366 /* CDVDevice.m in Sources */,
				DCD531CD21FE40F1B67627DF /* iosrtcPlugin.swift in Sources */,
				9B19AE46FB7C42768710A28A /* PluginRTCTypes.swift in Sources */,
				DB288D43698141D4A4C0F3D1 /* PluginRTCPeerConnection.swift in Sources */,
				877FF266719B452FA4B3F674 /* PluginRTCPeerConnectionConfig.swift in Sources */,
				4514997FAC504069AE4A6673 /* PluginRTCPeerConnectionConstraints.swift in Sources */,
				6463F0F2DD704329B4A83C33 /* PluginRTCDataChannel.swift in Sources */,
				98DC3CCA636A492E9852EB80 /* PluginRTCDTMFSender.swift in Sources */,
				ED21050205FA467AB27413B6 /* PluginMediaStream.swift in Sources */,
				E640140BD1484A139577B27B /* PluginMediaStreamTrack.swift in Sources */,
				FA523186CBCE44E4995F6F90 /* PluginGetUserMedia.swift in Sources */,
				D24D97667AAA4710ABBA5598 /* PluginEnumerateDevices.swift in Sources */,
				A6918031B4024DE9B8B0CB3E /* PluginUtils.swift in Sources */,
				607BA8195F574963AE844EC9 /* PluginMediaStreamRenderer.swift in Sources */,
			);
			runOnlyForDeploymentPostprocessing = 0;
		};
/* End PBXSourcesBuildPhase section */

/* Begin PBXTargetDependency section */
		301BF551109A68C00062928A /* PBXTargetDependency */ = {
			isa = PBXTargetDependency;
			name = CordovaLib;
			targetProxy = 301BF550109A68C00062928A /* PBXContainerItemProxy */;
		};
/* End PBXTargetDependency section */

/* Begin XCBuildConfiguration section */
		1D6058940D05DD3E006BFB54 /* Debug */ = {
			isa = XCBuildConfiguration;
			baseConfigurationReference = 3047A50F1AB8059700498E2A /* build-debug.xcconfig */;
			buildSettings = {
				ALWAYS_SEARCH_USER_PATHS = NO;
				ASSETCATALOG_COMPILER_APPICON_NAME = AppIcon;
				ASSETCATALOG_COMPILER_LAUNCHIMAGE_NAME = LaunchImage;
				CLANG_ENABLE_MODULES = YES;
				CLANG_ENABLE_OBJC_ARC = YES;
				COPY_PHASE_STRIP = NO;
				GCC_DYNAMIC_NO_PIC = NO;
				GCC_OPTIMIZATION_LEVEL = 0;
				GCC_PRECOMPILE_PREFIX_HEADER = YES;
				GCC_PREFIX_HEADER = "WebRTC/WebRTC-Prefix.pch";
				GCC_THUMB_SUPPORT = NO;
				GCC_VERSION = "";
				INFOPLIST_FILE = "WebRTC/WebRTC-Info.plist";
				LD_RUNPATH_SEARCH_PATHS = "@executable_path/Frameworks";
				PRODUCT_NAME = "WebRTC";
				LIBRARY_SEARCH_PATHS = (
					"$(inherited)",
					"\"$(SRCROOT)/WebRTC/Plugins/cordova-plugin-iosrtc\"",
				);
			};
			name = Debug;
		};
		1D6058950D05DD3E006BFB54 /* Release */ = {
			isa = XCBuildConfiguration;
			baseConfigurationReference = 3047A5101AB8059700498E2A /* build-release.xcconfig */;
			buildSettings = {
				ALWAYS_SEARCH_USER_PATHS = NO;
				ASSETCATALOG_COMPILER_APPICON_NAME = AppIcon;
				ASSETCATALOG_COMPILER_LAUNCHIMAGE_NAME = LaunchImage;
				CLANG_ENABLE_MODULES = YES;
				CLANG_ENABLE_OBJC_ARC = YES;
				COPY_PHASE_STRIP = YES;
				GCC_PRECOMPILE_PREFIX_HEADER = YES;
				GCC_PREFIX_HEADER = "WebRTC/WebRTC-Prefix.pch";
				GCC_THUMB_SUPPORT = NO;
				GCC_VERSION = "";
				INFOPLIST_FILE = "WebRTC/WebRTC-Info.plist";
				PRODUCT_NAME = "WebRTC";
				LIBRARY_SEARCH_PATHS = (
					"$(inherited)",
					"\"$(SRCROOT)/WebRTC/Plugins/cordova-plugin-iosrtc\"",
				);
			};
			name = Release;
		};
		C01FCF4F08A954540054247B /* Debug */ = {
			isa = XCBuildConfiguration;
			baseConfigurationReference = 3047A5111AB8059700498E2A /* build.xcconfig */;
			buildSettings = {
				CLANG_ENABLE_MODULES = YES;
				CLANG_ENABLE_OBJC_ARC = YES;
				CLANG_WARN_BOOL_CONVERSION = YES;
				CLANG_WARN_CONSTANT_CONVERSION = YES;
				CLANG_WARN_EMPTY_BODY = YES;
				CLANG_WARN_ENUM_CONVERSION = YES;
				CLANG_WARN_INT_CONVERSION = YES;
				CLANG_WARN__DUPLICATE_METHOD_MATCH = YES;
				GCC_C_LANGUAGE_STANDARD = c99;
				GCC_THUMB_SUPPORT = NO;
				GCC_VERSION = "";
				GCC_WARN_ABOUT_RETURN_TYPE = YES;
				GCC_WARN_UNDECLARED_SELECTOR = YES;
				GCC_WARN_UNINITIALIZED_AUTOS = YES;
				GCC_WARN_UNUSED_FUNCTION = YES;
				GCC_WARN_UNUSED_VARIABLE = YES;
				ONLY_ACTIVE_ARCH = YES;
				SDKROOT = iphoneos;
				SKIP_INSTALL = NO;
			};
			name = Debug;
		};
		C01FCF5008A954540054247B /* Release */ = {
			isa = XCBuildConfiguration;
			baseConfigurationReference = 3047A5111AB8059700498E2A /* build.xcconfig */;
			buildSettings = {
				CLANG_ENABLE_MODULES = YES;
				CLANG_ENABLE_OBJC_ARC = YES;
				CLANG_WARN_BOOL_CONVERSION = YES;
				CLANG_WARN_CONSTANT_CONVERSION = YES;
				CLANG_WARN_EMPTY_BODY = YES;
				CLANG_WARN_ENUM_CONVERSION = YES;
				CLANG_WARN_INT_CONVERSION = YES;
				CLANG_WARN__DUPLICATE_METHOD_MATCH = YES;
				GCC_C_LANGUAGE_STANDARD = c99;
				GCC_THUMB_SUPPORT = NO;
				GCC_VERSION = "";
				GCC_WARN_ABOUT_RETURN_TYPE = YES;
				GCC_WARN_UNDECLARED_SELECTOR = YES;
				GCC_WARN_UNINITIALIZED_AUTOS = YES;
				GCC_WARN_UNUSED_FUNCTION = YES;
				GCC_WARN_UNUSED_VARIABLE = YES;
				SDKROOT = iphoneos;
				SKIP_INSTALL = NO;
			};
			name = Release;
		};
/* End XCBuildConfiguration section */

/* Begin XCConfigurationList section */
		1D6058960D05DD3E006BFB54 /* Build configuration list for PBXNativeTarget "WebRTC" */ = {
			isa = XCConfigurationList;
			buildConfigurations = (
				1D6058940D05DD3E006BFB54 /* Debug */,
				1D6058950D05DD3E006BFB54 /* Release */,
			);
			defaultConfigurationIsVisible = 0;
			defaultConfigurationName = Release;
		};
		C01FCF4E08A954540054247B /* Build configuration list for PBXProject "__NON-CLI__" */ = {
			isa = XCConfigurationList;
			buildConfigurations = (
				C01FCF4F08A954540054247B /* Debug */,
				C01FCF5008A954540054247B /* Release */,
			);
			defaultConfigurationIsVisible = 0;
			defaultConfigurationName = Release;
		};
/* End XCConfigurationList section */
	};
	rootObject = 29B97313FDCFA39411CA2CEA /* Project object */;
}
